
Microsoft Visual Studio Solution File, Format Version 12.00
# Visual Studio Version 17
VisualStudioVersion = 17.2.32616.157
MinimumVisualStudioVersion = 10.0.40219.1
Project("{FAE04EC0-301F-11D3-BF4B-00C04F79EFBC}") = "MinimalMediatR", "MinimalMediatR\MinimalMediatR.csproj", "{F7C5D216-1D88-4F8A-8897-DA6B1F10DC2C}"
EndProject
Global
	GlobalSection(SolutionConfigurationPlatforms) = preSolution
		Debug|Any CPU = Debug|Any CPU
		Release|Any CPU = Release|Any CPU
	EndGlobalSection
	GlobalSection(ProjectConfigurationPlatforms) = postSolution
		{F7C5D216-1D88-4F8A-8897-DA6B1F10DC2C}.Debug|Any CPU.ActiveCfg = Debug|Any CPU
		{F7C5D216-1D88-4F8A-8897-DA6B1F10DC2C}.Debug|Any CPU.Build.0 = Debug|Any CPU
		{F7C5D216-1D88-4F8A-8897-DA6B1F10DC2C}.Release|Any CPU.ActiveCfg = Release|Any CPU
		{F7C5D216-1D88-4F8A-8897-DA6B1F10DC2C}.Release|Any CPU.Build.0 = Release|Any CPU
	EndGlobalSection
	GlobalSection(SolutionProperties) = preSolution
		HideSolutionNode = FALSE
	EndGlobalSection
	GlobalSection(ExtensibilityGlobals) = postSolution
		SolutionGuid = {863E8F88-DBB5-48F3-9A9F-EC3026D22FD9}
	EndGlobalSection
EndGlobal
